
Microsoft Visual Studio Solution File, Format Version 12.00
# Visual Studio Version 17
VisualStudioVersion = 17.9.34728.123
MinimumVisualStudioVersion = 10.0.40219.1
Project("{2150E333-8FDC-42A3-9474-1A3956D46DE8}") = "src", "src", "{167FAE8B-D810-4638-A7FE-A330462B6918}"
EndProject
Project("{9A19103F-16F7-4668-BE54-9A1E7A4F7556}") = "Freelando.Api", "src\Freelando.Api\Freelando.Api.csproj", "{DEE16317-DE2F-4B9C-BA35-FC70E3C34B35}"
EndProject
Project("{9A19103F-16F7-4668-BE54-9A1E7A4F7556}") = "Freelando.Modelos", "src\Freelando.Modelos\Freelando.Modelos.csproj", "{4825280D-E079-4E62-93FC-3407836CABAD}"
EndProject
Project("{FAE04EC0-301F-11D3-BF4B-00C04F79EFBC}") = "Freelando.Dados", "Freelando.Dados\Freelando.Dados.csproj", "{ED25A9F3-2192-4E9B-87A0-9336924B57DB}"
EndProject
Global
	GlobalSection(SolutionConfigurationPlatforms) = preSolution
		Debug|Any CPU = Debug|Any CPU
		Release|Any CPU = Release|Any CPU
	EndGlobalSection
	GlobalSection(ProjectConfigurationPlatforms) = postSolution
		{DEE16317-DE2F-4B9C-BA35-FC70E3C34B35}.Debug|Any CPU.ActiveCfg = Debug|Any CPU
		{DEE16317-DE2F-4B9C-BA35-FC70E3C34B35}.Debug|Any CPU.Build.0 = Debug|Any CPU
		{DEE16317-DE2F-4B9C-BA35-FC70E3C34B35}.Release|Any CPU.ActiveCfg = Release|Any CPU
		{DEE16317-DE2F-4B9C-BA35-FC70E3C34B35}.Release|Any CPU.Build.0 = Release|Any CPU
		{4825280D-E079-4E62-93FC-3407836CABAD}.Debug|Any CPU.ActiveCfg = Debug|Any CPU
		{4825280D-E079-4E62-93FC-3407836CABAD}.Debug|Any CPU.Build.0 = Debug|Any CPU
		{4825280D-E079-4E62-93FC-3407836CABAD}.Release|Any CPU.ActiveCfg = Release|Any CPU
		{4825280D-E079-4E62-93FC-3407836CABAD}.Release|Any CPU.Build.0 = Release|Any CPU
		{ED25A9F3-2192-4E9B-87A0-9336924B57DB}.Debug|Any CPU.ActiveCfg = Debug|Any CPU
		{ED25A9F3-2192-4E9B-87A0-9336924B57DB}.Debug|Any CPU.Build.0 = Debug|Any CPU
		{ED25A9F3-2192-4E9B-87A0-9336924B57DB}.Release|Any CPU.ActiveCfg = Release|Any CPU
		{ED25A9F3-2192-4E9B-87A0-9336924B57DB}.Release|Any CPU.Build.0 = Release|Any CPU
	EndGlobalSection
	GlobalSection(SolutionProperties) = preSolution
		HideSolutionNode = FALSE
	EndGlobalSection
	GlobalSection(NestedProjects) = preSolution
		{DEE16317-DE2F-4B9C-BA35-FC70E3C34B35} = {167FAE8B-D810-4638-A7FE-A330462B6918}
		{4825280D-E079-4E62-93FC-3407836CABAD} = {167FAE8B-D810-4638-A7FE-A330462B6918}
	EndGlobalSection
	GlobalSection(ExtensibilityGlobals) = postSolution
		SolutionGuid = {A5043598-4B43-48D4-9254-D95F71FBF089}
	EndGlobalSection
EndGlobal
